// !$*UTF8*$!
{
	archiveVersion = 1;
	classes = {
	};
	objectVersion = 46;
	objects = {

/* Begin PBXBuildFile section */
		4E62D6EA1D32F08B00FA206D /* JournalEntry.swift in Sources */ = {isa = PBXBuildFile; fileRef = 4E62D6E91D32F08B00FA206D /* JournalEntry.swift */; };
		4E62D6EC1D32F40400FA206D /* JournalEntryController.swift in Sources */ = {isa = PBXBuildFile; fileRef = 4E62D6EB1D32F40400FA206D /* JournalEntryController.swift */; };
		4EC6BA571D30172A00ACC782 /* AppDelegate.swift in Sources */ = {isa = PBXBuildFile; fileRef = 4EC6BA561D30172A00ACC782 /* AppDelegate.swift */; };
		4EC6BA5E1D30172A00ACC782 /* Assets.xcassets in Resources */ = {isa = PBXBuildFile; fileRef = 4EC6BA5D1D30172A00ACC782 /* Assets.xcassets */; };
		4EC6BA611D30172A00ACC782 /* LaunchScreen.storyboard in Resources */ = {isa = PBXBuildFile; fileRef = 4EC6BA5F1D30172A00ACC782 /* LaunchScreen.storyboard */; };
		4EC6BA6A1D3018AF00ACC782 /* MapViewController.swift in Sources */ = {isa = PBXBuildFile; fileRef = 4EC6BA681D3018AF00ACC782 /* MapViewController.swift */; };
		4EC6BA6B1D3018AF00ACC782 /* MapViewController.xib in Resources */ = {isa = PBXBuildFile; fileRef = 4EC6BA691D3018AF00ACC782 /* MapViewController.xib */; };
		4ECC625B1D33C2CC005C61EC /* AddEntryViewController.swift in Sources */ = {isa = PBXBuildFile; fileRef = 4ECC62591D33C2CC005C61EC /* AddEntryViewController.swift */; };
		4ECC625C1D33C2CC005C61EC /* AddEntryViewController.xib in Resources */ = {isa = PBXBuildFile; fileRef = 4ECC625A1D33C2CC005C61EC /* AddEntryViewController.xib */; };
		4EE76D601D35096100A75AEB /* MapKit.framework in Frameworks */ = {isa = PBXBuildFile; fileRef = 4EE76D5F1D35096100A75AEB /* MapKit.framework */; };
/* End PBXBuildFile section */

/* Begin PBXFileReference section */
		4E62D6E91D32F08B00FA206D /* JournalEntry.swift */ = {isa = PBXFileReference; fileEncoding = 4; lastKnownFileType = sourcecode.swift; path = JournalEntry.swift; sourceTree = "<group>"; };
		4E62D6EB1D32F40400FA206D /* JournalEntryController.swift */ = {isa = PBXFileReference; fileEncoding = 4; lastKnownFileType = sourcecode.swift; path = JournalEntryController.swift; sourceTree = "<group>"; };
		4EC6BA531D30172A00ACC782 /* iXplore.app */ = {isa = PBXFileReference; explicitFileType = wrapper.application; includeInIndex = 0; path = iXplore.app; sourceTree = BUILT_PRODUCTS_DIR; };
		4EC6BA561D30172A00ACC782 /* AppDelegate.swift */ = {isa = PBXFileReference; lastKnownFileType = sourcecode.swift; path = AppDelegate.swift; sourceTree = "<group>"; };
		4EC6BA5D1D30172A00ACC782 /* Assets.xcassets */ = {isa = PBXFileReference; lastKnownFileType = folder.assetcatalog; path = Assets.xcassets; sourceTree = "<group>"; };
		4EC6BA601D30172A00ACC782 /* Base */ = {isa = PBXFileReference; lastKnownFileType = file.storyboard; name = Base; path = Base.lproj/LaunchScreen.storyboard; sourceTree = "<group>"; };
		4EC6BA621D30172A00ACC782 /* Info.plist */ = {isa = PBXFileReference; lastKnownFileType = text.plist.xml; path = Info.plist; sourceTree = "<group>"; };
		4EC6BA681D3018AF00ACC782 /* MapViewController.swift */ = {isa = PBXFileReference; fileEncoding = 4; lastKnownFileType = sourcecode.swift; name = MapViewController.swift; path = ../MapViewController.swift; sourceTree = "<group>"; };
		4EC6BA691D3018AF00ACC782 /* MapViewController.xib */ = {isa = PBXFileReference; fileEncoding = 4; lastKnownFileType = file.xib; name = MapViewController.xib; path = ../MapViewController.xib; sourceTree = "<group>"; };
		4ECC62591D33C2CC005C61EC /* AddEntryViewController.swift */ = {isa = PBXFileReference; fileEncoding = 4; lastKnownFileType = sourcecode.swift; path = AddEntryViewController.swift; sourceTree = "<group>"; };
		4ECC625A1D33C2CC005C61EC /* AddEntryViewController.xib */ = {isa = PBXFileReference; fileEncoding = 4; lastKnownFileType = file.xib; path = AddEntryViewController.xib; sourceTree = "<group>"; };
		4EE76D5F1D35096100A75AEB /* MapKit.framework */ = {isa = PBXFileReference; lastKnownFileType = wrapper.framework; name = MapKit.framework; path = System/Library/Frameworks/MapKit.framework; sourceTree = SDKROOT; };
/* End PBXFileReference section */

/* Begin PBXFrameworksBuildPhase section */
		4EC6BA501D30172A00ACC782 /* Frameworks */ = {
			isa = PBXFrameworksBuildPhase;
			buildActionMask = 2147483647;
			files = (
				4EE76D601D35096100A75AEB /* MapKit.framework in Frameworks */,
			);
			runOnlyForDeploymentPostprocessing = 0;
		};
/* End PBXFrameworksBuildPhase section */

/* Begin PBXGroup section */
		4EC6BA4A1D30172A00ACC782 = {
			isa = PBXGroup;
			children = (
				4EE76D5F1D35096100A75AEB /* MapKit.framework */,
				4E62D6E91D32F08B00FA206D /* JournalEntry.swift */,
				4E62D6EB1D32F40400FA206D /* JournalEntryController.swift */,
				4EC6BA551D30172A00ACC782 /* iXplore */,
				4EC6BA541D30172A00ACC782 /* Products */,
			);
			sourceTree = "<group>";
		};
		4EC6BA541D30172A00ACC782 /* Products */ = {
			isa = PBXGroup;
			children = (
				4EC6BA531D30172A00ACC782 /* iXplore.app */,
			);
			name = Products;
			sourceTree = "<group>";
		};
		4EC6BA551D30172A00ACC782 /* iXplore */ = {
			isa = PBXGroup;
			children = (
				4ECC62591D33C2CC005C61EC /* AddEntryViewController.swift */,
				4ECC625A1D33C2CC005C61EC /* AddEntryViewController.xib */,
				4EC6BA681D3018AF00ACC782 /* MapViewController.swift */,
				4EC6BA691D3018AF00ACC782 /* MapViewController.xib */,
				4EC6BA561D30172A00ACC782 /* AppDelegate.swift */,
				4EC6BA5D1D30172A00ACC782 /* Assets.xcassets */,
				4EC6BA5F1D30172A00ACC782 /* LaunchScreen.storyboard */,
				4EC6BA621D30172A00ACC782 /* Info.plist */,
			);
			path = iXplore;
			sourceTree = "<group>";
		};
/* End PBXGroup section */

/* Begin PBXNativeTarget section */
		4EC6BA521D30172A00ACC782 /* iXplore */ = {
			isa = PBXNativeTarget;
			buildConfigurationList = 4EC6BA651D30172A00ACC782 /* Build configuration list for PBXNativeTarget "iXplore" */;
			buildPhases = (
				4EC6BA4F1D30172A00ACC782 /* Sources */,
				4EC6BA501D30172A00ACC782 /* Frameworks */,
				4EC6BA511D30172A00ACC782 /* Resources */,
			);
			buildRules = (
			);
			dependencies = (
			);
			name = iXplore;
			productName = iXplore;
			productReference = 4EC6BA531D30172A00ACC782 /* iXplore.app */;
			productType = "com.apple.product-type.application";
		};
/* End PBXNativeTarget section */

/* Begin PBXProject section */
		4EC6BA4B1D30172A00ACC782 /* Project object */ = {
			isa = PBXProject;
			attributes = {
				LastSwiftUpdateCheck = 0730;
				LastUpgradeCheck = 0730;
				ORGANIZATIONNAME = "Larissa Clopton";
				TargetAttributes = {
					4EC6BA521D30172A00ACC782 = {
						CreatedOnToolsVersion = 7.3.1;
					};
				};
			};
			buildConfigurationList = 4EC6BA4E1D30172A00ACC782 /* Build configuration list for PBXProject "iXplore" */;
			compatibilityVersion = "Xcode 3.2";
			developmentRegion = English;
			hasScannedForEncodings = 0;
			knownRegions = (
				en,
				Base,
			);
			mainGroup = 4EC6BA4A1D30172A00ACC782;
			productRefGroup = 4EC6BA541D30172A00ACC782 /* Products */;
			projectDirPath = "";
			projectRoot = "";
			targets = (
				4EC6BA521D30172A00ACC782 /* iXplore */,
			);
		};
/* End PBXProject section */

/* Begin PBXResourcesBuildPhase section */
		4EC6BA511D30172A00ACC782 /* Resources */ = {
			isa = PBXResourcesBuildPhase;
			buildActionMask = 2147483647;
			files = (
				4EC6BA611D30172A00ACC782 /* LaunchScreen.storyboard in Resources */,
				4ECC625C1D33C2CC005C61EC /* AddEntryViewController.xib in Resources */,
				4EC6BA6B1D3018AF00ACC782 /* MapViewController.xib in Resources */,
				4EC6BA5E1D30172A00ACC782 /* Assets.xcassets in Resources */,
			);
			runOnlyForDeploymentPostprocessing = 0;
		};
/* End PBXResourcesBuildPhase section */

/* Begin PBXSourcesBuildPhase section */
		4EC6BA4F1D30172A00ACC782 /* Sources */ = {
			isa = PBXSourcesBuildPhase;
			buildActionMask = 2147483647;
			files = (
				4E62D6EC1D32F40400FA206D /* JournalEntryController.swift in Sources */,
				4ECC625B1D33C2CC005C61EC /* AddEntryViewController.swift in Sources */,
				4EC6BA571D30172A00ACC782 /* AppDelegate.swift in Sources */,
				4E62D6EA1D32F08B00FA206D /* JournalEntry.swift in Sources */,
				4EC6BA6A1D3018AF00ACC782 /* MapViewController.swift in Sources */,
			);
			runOnlyForDeploymentPostprocessing = 0;
		};
/* End PBXSourcesBuildPhase section */

/* Begin PBXVariantGroup section */
		4EC6BA5F1D30172A00ACC782 /* LaunchScreen.storyboard */ = {
			isa = PBXVariantGroup;
			children = (
				4EC6BA601D30172A00ACC782 /* Base */,
			);
			name = LaunchScreen.storyboard;
			sourceTree = "<group>";
		};
/* End PBXVariantGroup section */

/* Begin XCBuildConfiguration section */
		4EC6BA631D30172A00ACC782 /* Debug */ = {
			isa = XCBuildConfiguration;
			buildSettings = {
				ALWAYS_SEARCH_USER_PATHS = NO;
				CLANG_ANALYZER_NONNULL = YES;
				CLANG_CXX_LANGUAGE_STANDARD = "gnu++0x";
				CLANG_CXX_LIBRARY = "libc++";
				CLANG_ENABLE_MODULES = YES;
				CLANG_ENABLE_OBJC_ARC = YES;
				CLANG_WARN_BOOL_CONVERSION = YES;
				CLANG_WARN_CONSTANT_CONVERSION = YES;
				CLANG_WARN_DIRECT_OBJC_ISA_USAGE = YES_ERROR;
				CLANG_WARN_EMPTY_BODY = YES;
				CLANG_WARN_ENUM_CONVERSION = YES;
				CLANG_WARN_INT_CONVERSION = YES;
				CLANG_WARN_OBJC_ROOT_CLASS = YES_ERROR;
				CLANG_WARN_UNREACHABLE_CODE = YES;
				CLANG_WARN__DUPLICATE_METHOD_MATCH = YES;
				"CODE_SIGN_IDENTITY[sdk=iphoneos*]" = "iPhone Developer";
				COPY_PHASE_STRIP = NO;
				DEBUG_INFORMATION_FORMAT = dwarf;
				ENABLE_STRICT_OBJC_MSGSEND = YES;
				ENABLE_TESTABILITY = YES;
				GCC_C_LANGUAGE_STANDARD = gnu99;
				GCC_DYNAMIC_NO_PIC = NO;
				GCC_NO_COMMON_BLOCKS = YES;
				GCC_OPTIMIZATION_LEVEL = 0;
				GCC_PREPROCESSOR_DEFINITIONS = (
					"DEBUG=1",
					"$(inherited)",
				);
				GCC_WARN_64_TO_32_BIT_CONVERSION = YES;
				GCC_WARN_ABOUT_RETURN_TYPE = YES_ERROR;
				GCC_WARN_UNDECLARED_SELECTOR = YES;
				GCC_WARN_UNINITIALIZED_AUTOS = YES_AGGRESSIVE;
				GCC_WARN_UNUSED_FUNCTION = YES;
				GCC_WARN_UNUSED_VARIABLE = YES;
				IPHONEOS_DEPLOYMENT_TARGET = 9.3;
				MTL_ENABLE_DEBUG_INFO = YES;
				ONLY_ACTIVE_ARCH = YES;
				SDKROOT = iphoneos;
				SWIFT_OPTIMIZATION_LEVEL = "-Onone";
			};
			name = Debug;
		};
		4EC6BA641D30172A00ACC782 /* Release */ = {
			isa = XCBuildConfiguration;
			buildSettings = {
				ALWAYS_SEARCH_USER_PATHS = NO;
				CLANG_ANALYZER_NONNULL = YES;
				CLANG_CXX_LANGUAGE_STANDARD = "gnu++0x";
				CLANG_CXX_LIBRARY = "libc++";
				CLANG_ENABLE_MODULES = YES;
				CLANG_ENABLE_OBJC_ARC = YES;
				CLANG_WARN_BOOL_CONVERSION = YES;
				CLANG_WARN_CONSTANT_CONVERSION = YES;
				CLANG_WARN_DIRECT_OBJC_ISA_USAGE = YES_ERROR;
				CLANG_WARN_EMPTY_BODY = YES;
				CLANG_WARN_ENUM_CONVERSION = YES;
				CLANG_WARN_INT_CONVERSION = YES;
				CLANG_WARN_OBJC_ROOT_CLASS = YES_ERROR;
				CLANG_WARN_UNREACHABLE_CODE = YES;
				CLANG_WARN__DUPLICATE_METHOD_MATCH = YES;
				"CODE_SIGN_IDENTITY[sdk=iphoneos*]" = "iPhone Developer";
				COPY_PHASE_STRIP = NO;
				DEBUG_INFORMATION_FORMAT = "dwarf-with-dsym";
				ENABLE_NS_ASSERTIONS = NO;
				ENABLE_STRICT_OBJC_MSGSEND = YES;
				GCC_C_LANGUAGE_STANDARD = gnu99;
				GCC_NO_COMMON_BLOCKS = YES;
				GCC_WARN_64_TO_32_BIT_CONVERSION = YES;
				GCC_WARN_ABOUT_RETURN_TYPE = YES_ERROR;
				GCC_WARN_UNDECLARED_SELECTOR = YES;
				GCC_WARN_UNINITIALIZED_AUTOS = YES_AGGRESSIVE;
				GCC_WARN_UNUSED_FUNCTION = YES;
				GCC_WARN_UNUSED_VARIABLE = YES;
				IPHONEOS_DEPLOYMENT_TARGET = 9.3;
				MTL_ENABLE_DEBUG_INFO = NO;
				SDKROOT = iphoneos;
				VALIDATE_PRODUCT = YES;
			};
			name = Release;
		};
		4EC6BA661D30172A00ACC782 /* Debug */ = {
			isa = XCBuildConfiguration;
			buildSettings = {
				ASSETCATALOG_COMPILER_APPICON_NAME = AppIcon;
				INFOPLIST_FILE = iXplore/Info.plist;
				LD_RUNPATH_SEARCH_PATHS = "$(inherited) @executable_path/Frameworks";
				PRODUCT_BUNDLE_IDENTIFIER = com.Ixperience.iXplore;
				PRODUCT_NAME = "$(TARGET_NAME)";
			};
			name = Debug;
		};
		4EC6BA671D30172A00ACC782 /* Release */ = {
			isa = XCBuildConfiguration;
			buildSettings = {
				ASSETCATALOG_COMPILER_APPICON_NAME = AppIcon;
				INFOPLIST_FILE = iXplore/Info.plist;
				LD_RUNPATH_SEARCH_PATHS = "$(inherited) @executable_path/Frameworks";
				PRODUCT_BUNDLE_IDENTIFIER = com.Ixperience.iXplore;
				PRODUCT_NAME = "$(TARGET_NAME)";
			};
			name = Release;
		};
/* End XCBuildConfiguration section */

/* Begin XCConfigurationList section */
		4EC6BA4E1D30172A00ACC782 /* Build configuration list for PBXProject "iXplore" */ = {
			isa = XCConfigurationList;
			buildConfigurations = (
				4EC6BA631D30172A00ACC782 /* Debug */,
				4EC6BA641D30172A00ACC782 /* Release */,
			);
			defaultConfigurationIsVisible = 0;
			defaultConfigurationName = Release;
		};
		4EC6BA651D30172A00ACC782 /* Build configuration list for PBXNativeTarget "iXplore" */ = {
			isa = XCConfigurationList;
			buildConfigurations = (
				4EC6BA661D30172A00ACC782 /* Debug */,
				4EC6BA671D30172A00ACC782 /* Release */,
			);
			defaultConfigurationIsVisible = 0;
			defaultConfigurationName = Release;
		};
/* End XCConfigurationList section */
	};
	rootObject = 4EC6BA4B1D30172A00ACC782 /* Project object */;
}
